
Microsoft Visual Studio Solution File, Format Version 12.00
# Visual Studio Version 17
VisualStudioVersion = 17.8.34212.112
MinimumVisualStudioVersion = 10.0.40219.1
Project("{9A19103F-16F7-4668-BE54-9A1E7A4F7556}") = "MudNet8.Shared", "MudNet8.Shared\MudNet8.Shared.csproj", "{DA1693BB-EBE8-47BE-8079-A7D924548A67}"
EndProject
Project("{9A19103F-16F7-4668-BE54-9A1E7A4F7556}") = "MudNet8.Web", "MudNet8.Web\MudNet8.Web\MudNet8.Web.csproj", "{D829D83B-DA55-4FC4-AFF8-81CD8A807412}"
EndProject
Project("{9A19103F-16F7-4668-BE54-9A1E7A4F7556}") = "MudNet8.Web.Client", "MudNet8.Web\MudNet8.Web.Client\MudNet8.Web.Client.csproj", "{F4E8679E-5B09-449B-8997-3EA58DF1D0DB}"
EndProject
Global
	GlobalSection(SolutionConfigurationPlatforms) = preSolution
		Debug|Any CPU = Debug|Any CPU
		Release|Any CPU = Release|Any CPU
	EndGlobalSection
	GlobalSection(ProjectConfigurationPlatforms) = postSolution
		{DA1693BB-EBE8-47BE-8079-A7D924548A67}.Debug|Any CPU.ActiveCfg = Debug|Any CPU
		{DA1693BB-EBE8-47BE-8079-A7D924548A67}.Debug|Any CPU.Build.0 = Debug|Any CPU
		{DA1693BB-EBE8-47BE-8079-A7D924548A67}.Release|Any CPU.ActiveCfg = Release|Any CPU
		{DA1693BB-EBE8-47BE-8079-A7D924548A67}.Release|Any CPU.Build.0 = Release|Any CPU
		{D829D83B-DA55-4FC4-AFF8-81CD8A807412}.Debug|Any CPU.ActiveCfg = Debug|Any CPU
		{D829D83B-DA55-4FC4-AFF8-81CD8A807412}.Debug|Any CPU.Build.0 = Debug|Any CPU
		{D829D83B-DA55-4FC4-AFF8-81CD8A807412}.Release|Any CPU.ActiveCfg = Release|Any CPU
		{D829D83B-DA55-4FC4-AFF8-81CD8A807412}.Release|Any CPU.Build.0 = Release|Any CPU
		{F4E8679E-5B09-449B-8997-3EA58DF1D0DB}.Debug|Any CPU.ActiveCfg = Debug|Any CPU
		{F4E8679E-5B09-449B-8997-3EA58DF1D0DB}.Debug|Any CPU.Build.0 = Debug|Any CPU
		{F4E8679E-5B09-449B-8997-3EA58DF1D0DB}.Release|Any CPU.ActiveCfg = Release|Any CPU
		{F4E8679E-5B09-449B-8997-3EA58DF1D0DB}.Release|Any CPU.Build.0 = Release|Any CPU
	EndGlobalSection
	GlobalSection(SolutionProperties) = preSolution
		HideSolutionNode = FALSE
	EndGlobalSection
	GlobalSection(ExtensibilityGlobals) = postSolution
		SolutionGuid = {F004B22E-39A7-4AD7-B1CF-60ACCBFEFA0D}
	EndGlobalSection
EndGlobal
